
Microsoft Visual Studio Solution File, Format Version 12.00
# Visual Studio Version 17
VisualStudioVersion = 17.7.34024.191
MinimumVisualStudioVersion = 10.0.40219.1
Project("{9A19103F-16F7-4668-BE54-9A1E7A4F7556}") = "Challenge-App", "Challenge-App\Challenge-App.csproj", "{4A8CA041-B069-4038-9935-4A0324594C9E}"
EndProject
Project("{FAE04EC0-301F-11D3-BF4B-00C04F79EFBC}") = "Challenge-App.Tests", "Challenge-App.Tests\Challenge-App.Tests.csproj", "{FC324B02-E303-4AAE-B6D7-D4C18F720021}"
EndProject
Global
	GlobalSection(SolutionConfigurationPlatforms) = preSolution
		Debug|Any CPU = Debug|Any CPU
		Release|Any CPU = Release|Any CPU
	EndGlobalSection
	GlobalSection(ProjectConfigurationPlatforms) = postSolution
		{4A8CA041-B069-4038-9935-4A0324594C9E}.Debug|Any CPU.ActiveCfg = Debug|Any CPU
		{4A8CA041-B069-4038-9935-4A0324594C9E}.Debug|Any CPU.Build.0 = Debug|Any CPU
		{4A8CA041-B069-4038-9935-4A0324594C9E}.Release|Any CPU.ActiveCfg = Release|Any CPU
		{4A8CA041-B069-4038-9935-4A0324594C9E}.Release|Any CPU.Build.0 = Release|Any CPU
		{FC324B02-E303-4AAE-B6D7-D4C18F720021}.Debug|Any CPU.ActiveCfg = Debug|Any CPU
		{FC324B02-E303-4AAE-B6D7-D4C18F720021}.Debug|Any CPU.Build.0 = Debug|Any CPU
		{FC324B02-E303-4AAE-B6D7-D4C18F720021}.Release|Any CPU.ActiveCfg = Release|Any CPU
		{FC324B02-E303-4AAE-B6D7-D4C18F720021}.Release|Any CPU.Build.0 = Release|Any CPU
	EndGlobalSection
	GlobalSection(SolutionProperties) = preSolution
		HideSolutionNode = FALSE
	EndGlobalSection
	GlobalSection(ExtensibilityGlobals) = postSolution
		SolutionGuid = {667D39DF-02A8-4923-80EB-C5D7F7746C55}
	EndGlobalSection
EndGlobal
